// !$*UTF8*$!
{
	archiveVersion = 1;
	classes = {
	};
	objectVersion = 50;
	objects = {

/* Begin PBXBuildFile section */
		F974FF2F26824EE500665638 /* AppDelegate.swift in Sources */ = {isa = PBXBuildFile; fileRef = F974FF2E26824EE500665638 /* AppDelegate.swift */; };
		F974FF3126824EE500665638 /* SceneDelegate.swift in Sources */ = {isa = PBXBuildFile; fileRef = F974FF3026824EE500665638 /* SceneDelegate.swift */; };
		F974FF3326824EE500665638 /* VCNoNavigationController.swift in Sources */ = {isa = PBXBuildFile; fileRef = F974FF3226824EE500665638 /* VCNoNavigationController.swift */; };
		F974FF3626824EE500665638 /* Main.storyboard in Resources */ = {isa = PBXBuildFile; fileRef = F974FF3426824EE500665638 /* Main.storyboard */; };
		F974FF3826824EE500665638 /* Assets.xcassets in Resources */ = {isa = PBXBuildFile; fileRef = F974FF3726824EE500665638 /* Assets.xcassets */; };
		F974FF3B26824EE500665638 /* LaunchScreen.storyboard in Resources */ = {isa = PBXBuildFile; fileRef = F974FF3926824EE500665638 /* LaunchScreen.storyboard */; };
		F974FF432682555000665638 /* FlowLayout.swift in Sources */ = {isa = PBXBuildFile; fileRef = F974FF422682555000665638 /* FlowLayout.swift */; };
		F974FF452682555A00665638 /* Cell.swift in Sources */ = {isa = PBXBuildFile; fileRef = F974FF442682555A00665638 /* Cell.swift */; };
		F974FF47268262E000665638 /* VCNavigationController.swift in Sources */ = {isa = PBXBuildFile; fileRef = F974FF46268262E000665638 /* VCNavigationController.swift */; };
/* End PBXBuildFile section */

/* Begin PBXFileReference section */
		F974FF2B26824EE500665638 /* CVStoryboard.app */ = {isa = PBXFileReference; explicitFileType = wrapper.application; includeInIndex = 0; path = CVStoryboard.app; sourceTree = BUILT_PRODUCTS_DIR; };
		F974FF2E26824EE500665638 /* AppDelegate.swift */ = {isa = PBXFileReference; lastKnownFileType = sourcecode.swift; path = AppDelegate.swift; sourceTree = "<group>"; };
		F974FF3026824EE500665638 /* SceneDelegate.swift */ = {isa = PBXFileReference; lastKnownFileType = sourcecode.swift; path = SceneDelegate.swift; sourceTree = "<group>"; };
		F974FF3226824EE500665638 /* VCNoNavigationController.swift */ = {isa = PBXFileReference; lastKnownFileType = sourcecode.swift; path = VCNoNavigationController.swift; sourceTree = "<group>"; };
		F974FF3526824EE500665638 /* Base */ = {isa = PBXFileReference; lastKnownFileType = file.storyboard; name = Base; path = Base.lproj/Main.storyboard; sourceTree = "<group>"; };
		F974FF3726824EE500665638 /* Assets.xcassets */ = {isa = PBXFileReference; lastKnownFileType = folder.assetcatalog; path = Assets.xcassets; sourceTree = "<group>"; };
		F974FF3A26824EE500665638 /* Base */ = {isa = PBXFileReference; lastKnownFileType = file.storyboard; name = Base; path = Base.lproj/LaunchScreen.storyboard; sourceTree = "<group>"; };
		F974FF3C26824EE500665638 /* Info.plist */ = {isa = PBXFileReference; lastKnownFileType = text.plist.xml; path = Info.plist; sourceTree = "<group>"; };
		F974FF422682555000665638 /* FlowLayout.swift */ = {isa = PBXFileReference; fileEncoding = 4; lastKnownFileType = sourcecode.swift; path = FlowLayout.swift; sourceTree = "<group>"; };
		F974FF442682555A00665638 /* Cell.swift */ = {isa = PBXFileReference; fileEncoding = 4; lastKnownFileType = sourcecode.swift; path = Cell.swift; sourceTree = "<group>"; };
		F974FF46268262E000665638 /* VCNavigationController.swift */ = {isa = PBXFileReference; lastKnownFileType = sourcecode.swift; path = VCNavigationController.swift; sourceTree = "<group>"; };
/* End PBXFileReference section */

/* Begin PBXFrameworksBuildPhase section */
		F974FF2826824EE500665638 /* Frameworks */ = {
			isa = PBXFrameworksBuildPhase;
			buildActionMask = 2147483647;
			files = (
			);
			runOnlyForDeploymentPostprocessing = 0;
		};
/* End PBXFrameworksBuildPhase section */

/* Begin PBXGroup section */
		F974FF2226824EE500665638 = {
			isa = PBXGroup;
			children = (
				F974FF2D26824EE500665638 /* CVStoryboard */,
				F974FF2C26824EE500665638 /* Products */,
			);
			sourceTree = "<group>";
		};
		F974FF2C26824EE500665638 /* Products */ = {
			isa = PBXGroup;
			children = (
				F974FF2B26824EE500665638 /* CVStoryboard.app */,
			);
			name = Products;
			sourceTree = "<group>";
		};
		F974FF2D26824EE500665638 /* CVStoryboard */ = {
			isa = PBXGroup;
			children = (
				F974FF2E26824EE500665638 /* AppDelegate.swift */,
				F974FF3026824EE500665638 /* SceneDelegate.swift */,
				F974FF442682555A00665638 /* Cell.swift */,
				F974FF3226824EE500665638 /* VCNoNavigationController.swift */,
				F974FF46268262E000665638 /* VCNavigationController.swift */,
				F974FF422682555000665638 /* FlowLayout.swift */,
				F974FF3426824EE500665638 /* Main.storyboard */,
				F974FF3726824EE500665638 /* Assets.xcassets */,
				F974FF3926824EE500665638 /* LaunchScreen.storyboard */,
				F974FF3C26824EE500665638 /* Info.plist */,
			);
			path = CVStoryboard;
			sourceTree = "<group>";
		};
/* End PBXGroup section */

/* Begin PBXNativeTarget section */
		F974FF2A26824EE500665638 /* CVStoryboard */ = {
			isa = PBXNativeTarget;
			buildConfigurationList = F974FF3F26824EE500665638 /* Build configuration list for PBXNativeTarget "CVStoryboard" */;
			buildPhases = (
				F974FF2726824EE500665638 /* Sources */,
				F974FF2826824EE500665638 /* Frameworks */,
				F974FF2926824EE500665638 /* Resources */,
			);
			buildRules = (
			);
			dependencies = (
			);
			name = CVStoryboard;
			productName = CVStoryboard;
			productReference = F974FF2B26824EE500665638 /* CVStoryboard.app */;
			productType = "com.apple.product-type.application";
		};
/* End PBXNativeTarget section */

/* Begin PBXProject section */
		F974FF2326824EE500665638 /* Project object */ = {
			isa = PBXProject;
			attributes = {
				LastSwiftUpdateCheck = 1250;
				LastUpgradeCheck = 1250;
				TargetAttributes = {
					F974FF2A26824EE500665638 = {
						CreatedOnToolsVersion = 12.5;
					};
				};
			};
			buildConfigurationList = F974FF2626824EE500665638 /* Build configuration list for PBXProject "CVStoryboard" */;
			compatibilityVersion = "Xcode 9.3";
			developmentRegion = en;
			hasScannedForEncodings = 0;
			knownRegions = (
				en,
				Base,
			);
			mainGroup = F974FF2226824EE500665638;
			productRefGroup = F974FF2C26824EE500665638 /* Products */;
			projectDirPath = "";
			projectRoot = "";
			targets = (
				F974FF2A26824EE500665638 /* CVStoryboard */,
			);
		};
/* End PBXProject section */

/* Begin PBXResourcesBuildPhase section */
		F974FF2926824EE500665638 /* Resources */ = {
			isa = PBXResourcesBuildPhase;
			buildActionMask = 2147483647;
			files = (
				F974FF3B26824EE500665638 /* LaunchScreen.storyboard in Resources */,
				F974FF3826824EE500665638 /* Assets.xcassets in Resources */,
				F974FF3626824EE500665638 /* Main.storyboard in Resources */,
			);
			runOnlyForDeploymentPostprocessing = 0;
		};
/* End PBXResourcesBuildPhase section */

/* Begin PBXSourcesBuildPhase section */
		F974FF2726824EE500665638 /* Sources */ = {
			isa = PBXSourcesBuildPhase;
			buildActionMask = 2147483647;
			files = (
				F974FF47268262E000665638 /* VCNavigationController.swift in Sources */,
				F974FF3326824EE500665638 /* VCNoNavigationController.swift in Sources */,
				F974FF432682555000665638 /* FlowLayout.swift in Sources */,
				F974FF452682555A00665638 /* Cell.swift in Sources */,
				F974FF2F26824EE500665638 /* AppDelegate.swift in Sources */,
				F974FF3126824EE500665638 /* SceneDelegate.swift in Sources */,
			);
			runOnlyForDeploymentPostprocessing = 0;
		};
/* End PBXSourcesBuildPhase section */

/* Begin PBXVariantGroup section */
		F974FF3426824EE500665638 /* Main.storyboard */ = {
			isa = PBXVariantGroup;
			children = (
				F974FF3526824EE500665638 /* Base */,
			);
			name = Main.storyboard;
			sourceTree = "<group>";
		};
		F974FF3926824EE500665638 /* LaunchScreen.storyboard */ = {
			isa = PBXVariantGroup;
			children = (
				F974FF3A26824EE500665638 /* Base */,
			);
			name = LaunchScreen.storyboard;
			sourceTree = "<group>";
		};
/* End PBXVariantGroup section */

/* Begin XCBuildConfiguration section */
		F974FF3D26824EE500665638 /* Debug */ = {
			isa = XCBuildConfiguration;
			buildSettings = {
				ALWAYS_SEARCH_USER_PATHS = NO;
				CLANG_ANALYZER_NONNULL = YES;
				CLANG_ANALYZER_NUMBER_OBJECT_CONVERSION = YES_AGGRESSIVE;
				CLANG_CXX_LANGUAGE_STANDARD = "gnu++14";
				CLANG_CXX_LIBRARY = "libc++";
				CLANG_ENABLE_MODULES = YES;
				CLANG_ENABLE_OBJC_ARC = YES;
				CLANG_ENABLE_OBJC_WEAK = YES;
				CLANG_WARN_BLOCK_CAPTURE_AUTORELEASING = YES;
				CLANG_WARN_BOOL_CONVERSION = YES;
				CLANG_WARN_COMMA = YES;
				CLANG_WARN_CONSTANT_CONVERSION = YES;
				CLANG_WARN_DEPRECATED_OBJC_IMPLEMENTATIONS = YES;
				CLANG_WARN_DIRECT_OBJC_ISA_USAGE = YES_ERROR;
				CLANG_WARN_DOCUMENTATION_COMMENTS = YES;
				CLANG_WARN_EMPTY_BODY = YES;
				CLANG_WARN_ENUM_CONVERSION = YES;
				CLANG_WARN_INFINITE_RECURSION = YES;
				CLANG_WARN_INT_CONVERSION = YES;
				CLANG_WARN_NON_LITERAL_NULL_CONVERSION = YES;
				CLANG_WARN_OBJC_IMPLICIT_RETAIN_SELF = YES;
				CLANG_WARN_OBJC_LITERAL_CONVERSION = YES;
				CLANG_WARN_OBJC_ROOT_CLASS = YES_ERROR;
				CLANG_WARN_QUOTED_INCLUDE_IN_FRAMEWORK_HEADER = YES;
				CLANG_WARN_RANGE_LOOP_ANALYSIS = YES;
				CLANG_WARN_STRICT_PROTOTYPES = YES;
				CLANG_WARN_SUSPICIOUS_MOVE = YES;
				CLANG_WARN_UNGUARDED_AVAILABILITY = YES_AGGRESSIVE;
				CLANG_WARN_UNREACHABLE_CODE = YES;
				CLANG_WARN__DUPLICATE_METHOD_MATCH = YES;
				COPY_PHASE_STRIP = NO;
				DEBUG_INFORMATION_FORMAT = dwarf;
				ENABLE_STRICT_OBJC_MSGSEND = YES;
				ENABLE_TESTABILITY = YES;
				GCC_C_LANGUAGE_STANDARD = gnu11;
				GCC_DYNAMIC_NO_PIC = NO;
				GCC_NO_COMMON_BLOCKS = YES;
				GCC_OPTIMIZATION_LEVEL = 0;
				GCC_PREPROCESSOR_DEFINITIONS = (
					"DEBUG=1",
					"$(inherited)",
				);
				GCC_WARN_64_TO_32_BIT_CONVERSION = YES;
				GCC_WARN_ABOUT_RETURN_TYPE = YES_ERROR;
				GCC_WARN_UNDECLARED_SELECTOR = YES;
				GCC_WARN_UNINITIALIZED_AUTOS = YES_AGGRESSIVE;
				GCC_WARN_UNUSED_FUNCTION = YES;
				GCC_WARN_UNUSED_VARIABLE = YES;
				IPHONEOS_DEPLOYMENT_TARGET = 14.5;
				MTL_ENABLE_DEBUG_INFO = INCLUDE_SOURCE;
				MTL_FAST_MATH = YES;
				ONLY_ACTIVE_ARCH = YES;
				SDKROOT = iphoneos;
				SWIFT_ACTIVE_COMPILATION_CONDITIONS = DEBUG;
				SWIFT_OPTIMIZATION_LEVEL = "-Onone";
			};
			name = Debug;
		};
		F974FF3E26824EE500665638 /* Release */ = {
			isa = XCBuildConfiguration;
			buildSettings = {
				ALWAYS_SEARCH_USER_PATHS = NO;
				CLANG_ANALYZER_NONNULL = YES;
				CLANG_ANALYZER_NUMBER_OBJECT_CONVERSION = YES_AGGRESSIVE;
				CLANG_CXX_LANGUAGE_STANDARD = "gnu++14";
				CLANG_CXX_LIBRARY = "libc++";
				CLANG_ENABLE_MODULES = YES;
				CLANG_ENABLE_OBJC_ARC = YES;
				CLANG_ENABLE_OBJC_WEAK = YES;
				CLANG_WARN_BLOCK_CAPTURE_AUTORELEASING = YES;
				CLANG_WARN_BOOL_CONVERSION = YES;
				CLANG_WARN_COMMA = YES;
				CLANG_WARN_CONSTANT_CONVERSION = YES;
				CLANG_WARN_DEPRECATED_OBJC_IMPLEMENTATIONS = YES;
				CLANG_WARN_DIRECT_OBJC_ISA_USAGE = YES_ERROR;
				CLANG_WARN_DOCUMENTATION_COMMENTS = YES;
				CLANG_WARN_EMPTY_BODY = YES;
				CLANG_WARN_ENUM_CONVERSION = YES;
				CLANG_WARN_INFINITE_RECURSION = YES;
				CLANG_WARN_INT_CONVERSION = YES;
				CLANG_WARN_NON_LITERAL_NULL_CONVERSION = YES;
				CLANG_WARN_OBJC_IMPLICIT_RETAIN_SELF = YES;
				CLANG_WARN_OBJC_LITERAL_CONVERSION = YES;
				CLANG_WARN_OBJC_ROOT_CLASS = YES_ERROR;
				CLANG_WARN_QUOTED_INCLUDE_IN_FRAMEWORK_HEADER = YES;
				CLANG_WARN_RANGE_LOOP_ANALYSIS = YES;
				CLANG_WARN_STRICT_PROTOTYPES = YES;
				CLANG_WARN_SUSPICIOUS_MOVE = YES;
				CLANG_WARN_UNGUARDED_AVAILABILITY = YES_AGGRESSIVE;
				CLANG_WARN_UNREACHABLE_CODE = YES;
				CLANG_WARN__DUPLICATE_METHOD_MATCH = YES;
				COPY_PHASE_STRIP = NO;
				DEBUG_INFORMATION_FORMAT = "dwarf-with-dsym";
				ENABLE_NS_ASSERTIONS = NO;
				ENABLE_STRICT_OBJC_MSGSEND = YES;
				GCC_C_LANGUAGE_STANDARD = gnu11;
				GCC_NO_COMMON_BLOCKS = YES;
				GCC_WARN_64_TO_32_BIT_CONVERSION = YES;
				GCC_WARN_ABOUT_RETURN_TYPE = YES_ERROR;
				GCC_WARN_UNDECLARED_SELECTOR = YES;
				GCC_WARN_UNINITIALIZED_AUTOS = YES_AGGRESSIVE;
				GCC_WARN_UNUSED_FUNCTION = YES;
				GCC_WARN_UNUSED_VARIABLE = YES;
				IPHONEOS_DEPLOYMENT_TARGET = 14.5;
				MTL_ENABLE_DEBUG_INFO = NO;
				MTL_FAST_MATH = YES;
				SDKROOT = iphoneos;
				SWIFT_COMPILATION_MODE = wholemodule;
				SWIFT_OPTIMIZATION_LEVEL = "-O";
				VALIDATE_PRODUCT = YES;
			};
			name = Release;
		};
		F974FF4026824EE500665638 /* Debug */ = {
			isa = XCBuildConfiguration;
			buildSettings = {
				ASSETCATALOG_COMPILER_APPICON_NAME = AppIcon;
				ASSETCATALOG_COMPILER_GLOBAL_ACCENT_COLOR_NAME = AccentColor;
				CODE_SIGN_STYLE = Automatic;
				DEVELOPMENT_TEAM = DLTXC65BWL;
				INFOPLIST_FILE = CVStoryboard/Info.plist;
				LD_RUNPATH_SEARCH_PATHS = (
					"$(inherited)",
					"@executable_path/Frameworks",
				);
				PRODUCT_BUNDLE_IDENTIFIER = com.jakestrickler.CVStoryboard;
				PRODUCT_NAME = "$(TARGET_NAME)";
				SWIFT_VERSION = 5.0;
				TARGETED_DEVICE_FAMILY = "1,2";
			};
			name = Debug;
		};
		F974FF4126824EE500665638 /* Release */ = {
			isa = XCBuildConfiguration;
			buildSettings = {
				ASSETCATALOG_COMPILER_APPICON_NAME = AppIcon;
				ASSETCATALOG_COMPILER_GLOBAL_ACCENT_COLOR_NAME = AccentColor;
				CODE_SIGN_STYLE = Automatic;
				DEVELOPMENT_TEAM = DLTXC65BWL;
				INFOPLIST_FILE = CVStoryboard/Info.plist;
				LD_RUNPATH_SEARCH_PATHS = (
					"$(inherited)",
					"@executable_path/Frameworks",
				);
				PRODUCT_BUNDLE_IDENTIFIER = com.jakestrickler.CVStoryboard;
				PRODUCT_NAME = "$(TARGET_NAME)";
				SWIFT_VERSION = 5.0;
				TARGETED_DEVICE_FAMILY = "1,2";
			};
			name = Release;
		};
/* End XCBuildConfiguration section */

/* Begin XCConfigurationList section */
		F974FF2626824EE500665638 /* Build configuration list for PBXProject "CVStoryboard" */ = {
			isa = XCConfigurationList;
			buildConfigurations = (
				F974FF3D26824EE500665638 /* Debug */,
				F974FF3E26824EE500665638 /* Release */,
			);
			defaultConfigurationIsVisible = 0;
			defaultConfigurationName = Release;
		};
		F974FF3F26824EE500665638 /* Build configuration list for PBXNativeTarget "CVStoryboard" */ = {
			isa = XCConfigurationList;
			buildConfigurations = (
				F974FF4026824EE500665638 /* Debug */,
				F974FF4126824EE500665638 /* Release */,
			);
			defaultConfigurationIsVisible = 0;
			defaultConfigurationName = Release;
		};
/* End XCConfigurationList section */
	};
	rootObject = F974FF2326824EE500665638 /* Project object */;
}
